# THIS IS AN AUTOGENERATED FILE. DO NOT EDIT THIS FILE DIRECTLY.
# yarn lockfile v1


coffee-script@~1.9.0:
  version "1.9.3"
  resolved "https://registry.yarnpkg.com/coffee-script/-/coffee-script-1.9.3.tgz#596e6e83fcfcb67c5964ab70d444beff0ac04ac7"
  integrity sha1-WW5ug/z8tnxZZKtw1ES+/wrASsc=

commander@~0.6.1:
  version "0.6.1"
  resolved "https://registry.yarnpkg.com/commander/-/commander-0.6.1.tgz#fa68a14f6a945d54dbbe50d8cdb3320e9e3b1a06"
  integrity sha1-+mihT2qUXVTbvlDYzbMyDp47GgY=

edge-cs@0.2.7:
  version "0.2.7"
  resolved "https://registry.yarnpkg.com/edge-cs/-/edge-cs-0.2.7.tgz#97d344f5dc2be99e728826b466c2e3132665d3bb"
  integrity sha1-l9NE9dwr6Z5yiCa0ZsLjEyZl07s=

edge@^4.0.0:
  version "4.0.0"
  resolved "https://registry.yarnpkg.com/edge/-/edge-4.0.0.tgz#3faca1e99ba674b186673d996445c50f7477cce1"
  integrity sha1-P6yh6ZumdLGGZz2ZZEXFD3R3zOE=
  dependencies:
    edge-cs "0.2.7"
    nan "^2.0.9"

fs@:
  version "0.0.2"
  resolved "https://registry.yarnpkg.com/fs/-/fs-0.0.2.tgz#e1f244ef3933c1b2a64bd4799136060d0f5914f8"
  integrity sha1-4fJE7zkzwbKmS9R5kTYGDQ9ZFPg=

log@1.4.0:
  version "1.4.0"
  resolved "https://registry.yarnpkg.com/log/-/log-1.4.0.tgz#4ba1d890fde249b031dca03bc37eaaf325656f1c"
  integrity sha1-S6HYkP3iSbAx3KA7w36q8yVlbxw=

nan@^2.0.9:
  version "2.14.0"
  resolved "https://registry.yarnpkg.com/nan/-/nan-2.14.0.tgz#7818f722027b2459a86f0295d434d1fc2336c52c"
  integrity sha512-INOFj37C7k3AfaNTtX8RhsTw7qRy7eLET14cROi9+5HAVbbHuIWUHEauBv5qT4Av2tWasiTY1Jw6puUNqRJXQg==

nan@~0.3.0:
  version "0.3.2"
  resolved "https://registry.yarnpkg.com/nan/-/nan-0.3.2.tgz#0df1935cab15369075ef160ad2894107aa14dc2d"
  integrity sha1-DfGTXKsVNpB17xYK0olBB6oU3C0=

options@>=0.0.5:
  version "0.0.6"
  resolved "https://registry.yarnpkg.com/options/-/options-0.0.6.tgz#ec22d312806bb53e731773e7cdaefcf1c643128f"
  integrity sha1-7CLTEoBrtT5zF3Pnza788cZDEo8=

slack-client@1.4.1:
  version "1.4.1"
  resolved "https://registry.yarnpkg.com/slack-client/-/slack-client-1.4.1.tgz#b6de417e24e5cf270108eed1730cc2ddc8bc64af"
  integrity sha1-tt5BfiTlzycBCO7RcwzC3ci8ZK8=
  dependencies:
    coffee-script "~1.9.0"
    log "1.4.0"
    ws "0.4.31"

tinycolor@0.x:
  version "0.0.1"
  resolved "https://registry.yarnpkg.com/tinycolor/-/tinycolor-0.0.1.tgz#320b5a52d83abb5978d81a3e887d4aefb15a6164"
  integrity sha1-MgtaUtg6u1l42Bo+iH1K77FaYWQ=

winsay@0.0.5:
  version "0.0.5"
  resolved "https://registry.yarnpkg.com/winsay/-/winsay-0.0.5.tgz#147ae0ba4fe1dcfa0e5f9d76d72f1c8bf5a3c439"
  integrity sha1-FHrguk/h3PoOX5121y8ci/WjxDk=
  dependencies:
    edge "^4.0.0"

ws@0.4.31:
  version "0.4.31"
  resolved "https://registry.yarnpkg.com/ws/-/ws-0.4.31.tgz#5a4849e7a9ccd1ed5a81aeb4847c9fedf3122927"
  integrity sha1-WkhJ56nM0e1aga60hHyf7fMSKSc=
  dependencies:
    commander "~0.6.1"
    nan "~0.3.0"
    options ">=0.0.5"
    tinycolor "0.x"
